// !$*UTF8*$!
{
	archiveVersion = 1;
	classes = {
	};
	objectVersion = 50;
	objects = {

/* Begin PBXBuildFile section */
		840FE9E3232BFB45009898DC /* then.framework in Frameworks */ = {isa = PBXBuildFile; fileRef = 840FE9E2232BFB45009898DC /* then.framework */; };
		8473730D232773FC00B6E697 /* FireBase.swift in Sources */ = {isa = PBXBuildFile; fileRef = 8473730C232773FC00B6E697 /* FireBase.swift */; };
		8473730F23289DF200B6E697 /* EnvironmentTests.swift in Sources */ = {isa = PBXBuildFile; fileRef = 8473730E23289DF200B6E697 /* EnvironmentTests.swift */; };
		847373112328A76F00B6E697 /* LoginVCTests.swift in Sources */ = {isa = PBXBuildFile; fileRef = 847373102328A76F00B6E697 /* LoginVCTests.swift */; };
		847C43502325A31C00E6BC32 /* AppDelegate.swift in Sources */ = {isa = PBXBuildFile; fileRef = 847C434F2325A31C00E6BC32 /* AppDelegate.swift */; };
		847C43522325A31C00E6BC32 /* CreateTransformerVC.swift in Sources */ = {isa = PBXBuildFile; fileRef = 847C43512325A31C00E6BC32 /* CreateTransformerVC.swift */; };
		847C43552325A31C00E6BC32 /* Main.storyboard in Resources */ = {isa = PBXBuildFile; fileRef = 847C43532325A31C00E6BC32 /* Main.storyboard */; };
		847C43572325A31D00E6BC32 /* Assets.xcassets in Resources */ = {isa = PBXBuildFile; fileRef = 847C43562325A31D00E6BC32 /* Assets.xcassets */; };
		847C435A2325A31D00E6BC32 /* LaunchScreen.storyboard in Resources */ = {isa = PBXBuildFile; fileRef = 847C43582325A31D00E6BC32 /* LaunchScreen.storyboard */; };
		847C43652325A31E00E6BC32 /* CreateTransformerVCTests.swift in Sources */ = {isa = PBXBuildFile; fileRef = 847C43642325A31E00E6BC32 /* CreateTransformerVCTests.swift */; };
		847C43732325AA2300E6BC32 /* APIService.swift in Sources */ = {isa = PBXBuildFile; fileRef = 847C43722325AA2300E6BC32 /* APIService.swift */; };
		84882F972326E782008D15E2 /* Transformer.swift in Sources */ = {isa = PBXBuildFile; fileRef = 84882F962326E782008D15E2 /* Transformer.swift */; };
		84882F9A2326FBF2008D15E2 /* Environment.swift in Sources */ = {isa = PBXBuildFile; fileRef = 84882F992326FBF2008D15E2 /* Environment.swift */; };
		84882F9C232700EB008D15E2 /* LoginVC.swift in Sources */ = {isa = PBXBuildFile; fileRef = 84882F9B232700EB008D15E2 /* LoginVC.swift */; };
		84A71E1A232C5B6000023B60 /* LoginInteractor.swift in Sources */ = {isa = PBXBuildFile; fileRef = 84A71E19232C5B6000023B60 /* LoginInteractor.swift */; };
		84A71E1C232C5B7200023B60 /* LoginPresenter.swift in Sources */ = {isa = PBXBuildFile; fileRef = 84A71E1B232C5B7200023B60 /* LoginPresenter.swift */; };
		84A71E1E232C871600023B60 /* FakeSplashTests.swift in Sources */ = {isa = PBXBuildFile; fileRef = 84A71E1D232C871600023B60 /* FakeSplashTests.swift */; };
		84A71E20232EB21F00023B60 /* CreateTranformerInteractor.swift in Sources */ = {isa = PBXBuildFile; fileRef = 84A71E1F232EB21F00023B60 /* CreateTranformerInteractor.swift */; };
		84A71E22232EB24000023B60 /* CreateTransformerPresenter.swift in Sources */ = {isa = PBXBuildFile; fileRef = 84A71E21232EB24000023B60 /* CreateTransformerPresenter.swift */; };
		84B81D432325B0D500260CCD /* Alamofire.framework in Frameworks */ = {isa = PBXBuildFile; fileRef = 84B81D412325B0D500260CCD /* Alamofire.framework */; };
		84B81D442325B0D500260CCD /* SwiftyJSON.framework in Frameworks */ = {isa = PBXBuildFile; fileRef = 84B81D422325B0D500260CCD /* SwiftyJSON.framework */; };
		84B81D472325C76200260CCD /* CreateTransformerModel.swift in Sources */ = {isa = PBXBuildFile; fileRef = 84B81D462325C76200260CCD /* CreateTransformerModel.swift */; };
		84B81D4B2325CCAC00260CCD /* Main.storyboard in Resources */ = {isa = PBXBuildFile; fileRef = 847C43532325A31C00E6BC32 /* Main.storyboard */; };
		84E3DE1F2325E76F005E621A /* Utils.swift in Sources */ = {isa = PBXBuildFile; fileRef = 84E3DE1E2325E76F005E621A /* Utils.swift */; };
		84E3DE212325E7CF005E621A /* ViewUtils.swift in Sources */ = {isa = PBXBuildFile; fileRef = 84E3DE202325E7CF005E621A /* ViewUtils.swift */; };
		84E3DE2523262E8D005E621A /* FakeSplashVC.swift in Sources */ = {isa = PBXBuildFile; fileRef = 84E3DE2423262E8D005E621A /* FakeSplashVC.swift */; };
		84E3DE272326A267005E621A /* ShowTransformersVC.swift in Sources */ = {isa = PBXBuildFile; fileRef = 84E3DE262326A267005E621A /* ShowTransformersVC.swift */; };
		84E3DE292326A9ED005E621A /* FakeCover.xib in Resources */ = {isa = PBXBuildFile; fileRef = 84E3DE282326A9ED005E621A /* FakeCover.xib */; };
		84E3DE2B2326AAA2005E621A /* FakeCoverVC.swift in Sources */ = {isa = PBXBuildFile; fileRef = 84E3DE2A2326AAA2005E621A /* FakeCoverVC.swift */; };
		84E3DE2D2326B2ED005E621A /* BattleTransformersVC.swift in Sources */ = {isa = PBXBuildFile; fileRef = 84E3DE2C2326B2ED005E621A /* BattleTransformersVC.swift */; };
		84F02DC02330B1A300169395 /* ShowTransformersInteractor.swift in Sources */ = {isa = PBXBuildFile; fileRef = 84F02DBF2330B1A300169395 /* ShowTransformersInteractor.swift */; };
		84F02DC22330B1DF00169395 /* ShowTransformersPresenter.swift in Sources */ = {isa = PBXBuildFile; fileRef = 84F02DC12330B1DF00169395 /* ShowTransformersPresenter.swift */; };
		84F02DC42330B21100169395 /* ShowTransformersModel.swift in Sources */ = {isa = PBXBuildFile; fileRef = 84F02DC32330B21100169395 /* ShowTransformersModel.swift */; };
		84F02DC62330B82200169395 /* LoginPresenterTests.swift in Sources */ = {isa = PBXBuildFile; fileRef = 84F02DC52330B82200169395 /* LoginPresenterTests.swift */; };
		84F02DC82330BD7100169395 /* LoginInteractorTests.swift in Sources */ = {isa = PBXBuildFile; fileRef = 84F02DC72330BD7100169395 /* LoginInteractorTests.swift */; };
		84F02DCA2331D00200169395 /* BattleLogic.swift in Sources */ = {isa = PBXBuildFile; fileRef = 84F02DC92331D00200169395 /* BattleLogic.swift */; };
		84F02DCC2331D03600169395 /* User.swift in Sources */ = {isa = PBXBuildFile; fileRef = 84F02DCB2331D03600169395 /* User.swift */; };
		84F02DCF2332105700169395 /* MockAPI.swift in Sources */ = {isa = PBXBuildFile; fileRef = 84F02DCE2332105700169395 /* MockAPI.swift */; };
		84F02DD1233234EC00169395 /* Cartfile in Resources */ = {isa = PBXBuildFile; fileRef = 84F02DD0233234EB00169395 /* Cartfile */; };
		84F02DD3233235CB00169395 /* README.md in Resources */ = {isa = PBXBuildFile; fileRef = 84F02DD2233235CA00169395 /* README.md */; };
		84F02DD523323FA500169395 /* Kingfisher.framework in Frameworks */ = {isa = PBXBuildFile; fileRef = 84F02DD423323FA500169395 /* Kingfisher.framework */; };
		84F02DD72332661100169395 /* TransformerDB.swift in Sources */ = {isa = PBXBuildFile; fileRef = 84F02DD62332661100169395 /* TransformerDB.swift */; };
/* End PBXBuildFile section */

/* Begin PBXContainerItemProxy section */
		847C43612325A31E00E6BC32 /* PBXContainerItemProxy */ = {
			isa = PBXContainerItemProxy;
			containerPortal = 847C43442325A31C00E6BC32 /* Project object */;
			proxyType = 1;
			remoteGlobalIDString = 847C434B2325A31C00E6BC32;
			remoteInfo = transformers;
		};
/* End PBXContainerItemProxy section */

/* Begin PBXFileReference section */
		840FE9E0232BFB3C009898DC /* then.framework.dSYM */ = {isa = PBXFileReference; lastKnownFileType = wrapper.dsym; name = then.framework.dSYM; path = Carthage/Build/iOS/then.framework.dSYM; sourceTree = "<group>"; };
		840FE9E2232BFB45009898DC /* then.framework */ = {isa = PBXFileReference; lastKnownFileType = wrapper.framework; name = then.framework; path = Carthage/Build/iOS/then.framework; sourceTree = "<group>"; };
		8473730C232773FC00B6E697 /* FireBase.swift */ = {isa = PBXFileReference; lastKnownFileType = sourcecode.swift; path = FireBase.swift; sourceTree = "<group>"; };
		8473730E23289DF200B6E697 /* EnvironmentTests.swift */ = {isa = PBXFileReference; lastKnownFileType = sourcecode.swift; path = EnvironmentTests.swift; sourceTree = "<group>"; };
		847373102328A76F00B6E697 /* LoginVCTests.swift */ = {isa = PBXFileReference; lastKnownFileType = sourcecode.swift; path = LoginVCTests.swift; sourceTree = "<group>"; };
		847C434C2325A31C00E6BC32 /* transformers.app */ = {isa = PBXFileReference; explicitFileType = wrapper.application; includeInIndex = 0; path = transformers.app; sourceTree = BUILT_PRODUCTS_DIR; };
		847C434F2325A31C00E6BC32 /* AppDelegate.swift */ = {isa = PBXFileReference; lastKnownFileType = sourcecode.swift; path = AppDelegate.swift; sourceTree = "<group>"; };
		847C43512325A31C00E6BC32 /* CreateTransformerVC.swift */ = {isa = PBXFileReference; lastKnownFileType = sourcecode.swift; path = CreateTransformerVC.swift; sourceTree = "<group>"; };
		847C43542325A31C00E6BC32 /* Base */ = {isa = PBXFileReference; lastKnownFileType = file.storyboard; name = Base; path = Base.lproj/Main.storyboard; sourceTree = "<group>"; };
		847C43562325A31D00E6BC32 /* Assets.xcassets */ = {isa = PBXFileReference; lastKnownFileType = folder.assetcatalog; path = Assets.xcassets; sourceTree = "<group>"; };
		847C43592325A31D00E6BC32 /* Base */ = {isa = PBXFileReference; lastKnownFileType = file.storyboard; name = Base; path = Base.lproj/LaunchScreen.storyboard; sourceTree = "<group>"; };
		847C435B2325A31D00E6BC32 /* Info.plist */ = {isa = PBXFileReference; lastKnownFileType = text.plist.xml; path = Info.plist; sourceTree = "<group>"; };
		847C43602325A31E00E6BC32 /* transformersTests.xctest */ = {isa = PBXFileReference; explicitFileType = wrapper.cfbundle; includeInIndex = 0; path = transformersTests.xctest; sourceTree = BUILT_PRODUCTS_DIR; };
		847C43642325A31E00E6BC32 /* CreateTransformerVCTests.swift */ = {isa = PBXFileReference; lastKnownFileType = sourcecode.swift; path = CreateTransformerVCTests.swift; sourceTree = "<group>"; };
		847C43662325A31E00E6BC32 /* Info.plist */ = {isa = PBXFileReference; lastKnownFileType = text.plist.xml; path = Info.plist; sourceTree = "<group>"; };
		847C43722325AA2300E6BC32 /* APIService.swift */ = {isa = PBXFileReference; lastKnownFileType = sourcecode.swift; path = APIService.swift; sourceTree = "<group>"; };
		84882F962326E782008D15E2 /* Transformer.swift */ = {isa = PBXFileReference; lastKnownFileType = sourcecode.swift; path = Transformer.swift; sourceTree = "<group>"; };
		84882F992326FBF2008D15E2 /* Environment.swift */ = {isa = PBXFileReference; lastKnownFileType = sourcecode.swift; path = Environment.swift; sourceTree = "<group>"; };
		84882F9B232700EB008D15E2 /* LoginVC.swift */ = {isa = PBXFileReference; lastKnownFileType = sourcecode.swift; path = LoginVC.swift; sourceTree = "<group>"; };
		84A71E19232C5B6000023B60 /* LoginInteractor.swift */ = {isa = PBXFileReference; lastKnownFileType = sourcecode.swift; path = LoginInteractor.swift; sourceTree = "<group>"; };
		84A71E1B232C5B7200023B60 /* LoginPresenter.swift */ = {isa = PBXFileReference; lastKnownFileType = sourcecode.swift; path = LoginPresenter.swift; sourceTree = "<group>"; };
		84A71E1D232C871600023B60 /* FakeSplashTests.swift */ = {isa = PBXFileReference; lastKnownFileType = sourcecode.swift; path = FakeSplashTests.swift; sourceTree = "<group>"; };
		84A71E1F232EB21F00023B60 /* CreateTranformerInteractor.swift */ = {isa = PBXFileReference; lastKnownFileType = sourcecode.swift; path = CreateTranformerInteractor.swift; sourceTree = "<group>"; };
		84A71E21232EB24000023B60 /* CreateTransformerPresenter.swift */ = {isa = PBXFileReference; lastKnownFileType = sourcecode.swift; path = CreateTransformerPresenter.swift; sourceTree = "<group>"; };
		84B81D412325B0D500260CCD /* Alamofire.framework */ = {isa = PBXFileReference; lastKnownFileType = wrapper.framework; name = Alamofire.framework; path = Carthage/Build/iOS/Alamofire.framework; sourceTree = "<group>"; };
		84B81D422325B0D500260CCD /* SwiftyJSON.framework */ = {isa = PBXFileReference; lastKnownFileType = wrapper.framework; name = SwiftyJSON.framework; path = Carthage/Build/iOS/SwiftyJSON.framework; sourceTree = "<group>"; };
		84B81D462325C76200260CCD /* CreateTransformerModel.swift */ = {isa = PBXFileReference; lastKnownFileType = sourcecode.swift; path = CreateTransformerModel.swift; sourceTree = "<group>"; };
		84E3DE1E2325E76F005E621A /* Utils.swift */ = {isa = PBXFileReference; lastKnownFileType = sourcecode.swift; path = Utils.swift; sourceTree = "<group>"; };
		84E3DE202325E7CF005E621A /* ViewUtils.swift */ = {isa = PBXFileReference; lastKnownFileType = sourcecode.swift; path = ViewUtils.swift; sourceTree = "<group>"; };
		84E3DE2423262E8D005E621A /* FakeSplashVC.swift */ = {isa = PBXFileReference; lastKnownFileType = sourcecode.swift; path = FakeSplashVC.swift; sourceTree = "<group>"; };
		84E3DE262326A267005E621A /* ShowTransformersVC.swift */ = {isa = PBXFileReference; lastKnownFileType = sourcecode.swift; path = ShowTransformersVC.swift; sourceTree = "<group>"; };
		84E3DE282326A9ED005E621A /* FakeCover.xib */ = {isa = PBXFileReference; lastKnownFileType = file.xib; path = FakeCover.xib; sourceTree = "<group>"; };
		84E3DE2A2326AAA2005E621A /* FakeCoverVC.swift */ = {isa = PBXFileReference; lastKnownFileType = sourcecode.swift; path = FakeCoverVC.swift; sourceTree = "<group>"; };
		84E3DE2C2326B2ED005E621A /* BattleTransformersVC.swift */ = {isa = PBXFileReference; lastKnownFileType = sourcecode.swift; path = BattleTransformersVC.swift; sourceTree = "<group>"; };
		84E3DE312326D83A005E621A /* SnapshotTesting.framework */ = {isa = PBXFileReference; lastKnownFileType = wrapper.framework; name = SnapshotTesting.framework; path = Carthage/Build/iOS/SnapshotTesting.framework; sourceTree = "<group>"; };
		84F02DBF2330B1A300169395 /* ShowTransformersInteractor.swift */ = {isa = PBXFileReference; lastKnownFileType = sourcecode.swift; path = ShowTransformersInteractor.swift; sourceTree = "<group>"; };
		84F02DC12330B1DF00169395 /* ShowTransformersPresenter.swift */ = {isa = PBXFileReference; lastKnownFileType = sourcecode.swift; path = ShowTransformersPresenter.swift; sourceTree = "<group>"; };
		84F02DC32330B21100169395 /* ShowTransformersModel.swift */ = {isa = PBXFileReference; lastKnownFileType = sourcecode.swift; path = ShowTransformersModel.swift; sourceTree = "<group>"; };
		84F02DC52330B82200169395 /* LoginPresenterTests.swift */ = {isa = PBXFileReference; lastKnownFileType = sourcecode.swift; path = LoginPresenterTests.swift; sourceTree = "<group>"; };
		84F02DC72330BD7100169395 /* LoginInteractorTests.swift */ = {isa = PBXFileReference; lastKnownFileType = sourcecode.swift; path = LoginInteractorTests.swift; sourceTree = "<group>"; };
		84F02DC92331D00200169395 /* BattleLogic.swift */ = {isa = PBXFileReference; lastKnownFileType = sourcecode.swift; path = BattleLogic.swift; sourceTree = "<group>"; };
		84F02DCB2331D03600169395 /* User.swift */ = {isa = PBXFileReference; lastKnownFileType = sourcecode.swift; path = User.swift; sourceTree = "<group>"; };
		84F02DCE2332105700169395 /* MockAPI.swift */ = {isa = PBXFileReference; lastKnownFileType = sourcecode.swift; path = MockAPI.swift; sourceTree = "<group>"; };
		84F02DD0233234EB00169395 /* Cartfile */ = {isa = PBXFileReference; fileEncoding = 4; lastKnownFileType = text; path = Cartfile; sourceTree = SOURCE_ROOT; };
		84F02DD2233235CA00169395 /* README.md */ = {isa = PBXFileReference; fileEncoding = 4; lastKnownFileType = net.daringfireball.markdown; path = README.md; sourceTree = "<group>"; };
		84F02DD423323FA500169395 /* Kingfisher.framework */ = {isa = PBXFileReference; lastKnownFileType = wrapper.framework; name = Kingfisher.framework; path = Carthage/Build/iOS/Kingfisher.framework; sourceTree = "<group>"; };
		84F02DD62332661100169395 /* TransformerDB.swift */ = {isa = PBXFileReference; lastKnownFileType = sourcecode.swift; path = TransformerDB.swift; sourceTree = "<group>"; };
/* End PBXFileReference section */

/* Begin PBXFrameworksBuildPhase section */
		847C43492325A31C00E6BC32 /* Frameworks */ = {
			isa = PBXFrameworksBuildPhase;
			buildActionMask = 2147483647;
			files = (
				84F02DD523323FA500169395 /* Kingfisher.framework in Frameworks */,
				84B81D432325B0D500260CCD /* Alamofire.framework in Frameworks */,
				84B81D442325B0D500260CCD /* SwiftyJSON.framework in Frameworks */,
				840FE9E3232BFB45009898DC /* then.framework in Frameworks */,
			);
			runOnlyForDeploymentPostprocessing = 0;
		};
		847C435D2325A31E00E6BC32 /* Frameworks */ = {
			isa = PBXFrameworksBuildPhase;
			buildActionMask = 2147483647;
			files = (
			);
			runOnlyForDeploymentPostprocessing = 0;
		};
/* End PBXFrameworksBuildPhase section */

/* Begin PBXGroup section */
		847373122328C0CF00B6E697 /* APIService */ = {
			isa = PBXGroup;
			children = (
				8473730C232773FC00B6E697 /* FireBase.swift */,
				847C43722325AA2300E6BC32 /* APIService.swift */,
			);
			path = APIService;
			sourceTree = "<group>";
		};
		847C43432325A31C00E6BC32 = {
			isa = PBXGroup;
			children = (
				84F02DD2233235CA00169395 /* README.md */,
				847C434E2325A31C00E6BC32 /* transformers */,
				847C43632325A31E00E6BC32 /* transformersTests */,
				847C434D2325A31C00E6BC32 /* Products */,
				84B81D402325B0D500260CCD /* Frameworks */,
			);
			sourceTree = "<group>";
		};
		847C434D2325A31C00E6BC32 /* Products */ = {
			isa = PBXGroup;
			children = (
				847C434C2325A31C00E6BC32 /* transformers.app */,
				847C43602325A31E00E6BC32 /* transformersTests.xctest */,
			);
			name = Products;
			sourceTree = "<group>";
		};
		847C434E2325A31C00E6BC32 /* transformers */ = {
			isa = PBXGroup;
			children = (
				84882F992326FBF2008D15E2 /* Environment.swift */,
				84F02DCB2331D03600169395 /* User.swift */,
				84882F982326E786008D15E2 /* Models */,
				847C43702325A9EC00E6BC32 /* Views */,
				847C43712325A9F600E6BC32 /* Storyboards */,
				847C43742325AA2800E6BC32 /* Workers */,
				84F02DD0233234EB00169395 /* Cartfile */,
				847C436F2325A9D800E6BC32 /* App */,
				847C43562325A31D00E6BC32 /* Assets.xcassets */,
			);
			path = transformers;
			sourceTree = "<group>";
		};
		847C43632325A31E00E6BC32 /* transformersTests */ = {
			isa = PBXGroup;
			children = (
				847C43662325A31E00E6BC32 /* Info.plist */,
				8473730E23289DF200B6E697 /* EnvironmentTests.swift */,
				84E3DE352326DE5E005E621A /* Views */,
				84F02DCE2332105700169395 /* MockAPI.swift */,
			);
			path = transformersTests;
			sourceTree = "<group>";
		};
		847C436F2325A9D800E6BC32 /* App */ = {
			isa = PBXGroup;
			children = (
				847C434F2325A31C00E6BC32 /* AppDelegate.swift */,
				847C43582325A31D00E6BC32 /* LaunchScreen.storyboard */,
				847C435B2325A31D00E6BC32 /* Info.plist */,
			);
			path = App;
			sourceTree = "<group>";
		};
		847C43702325A9EC00E6BC32 /* Views */ = {
			isa = PBXGroup;
			children = (
				84E3DE2E2326BDB7005E621A /* FakeSplash */,
				84E6B91D23276E99006165FD /* Login */,
				84E3DE302326BDD7005E621A /* ShowTransformers */,
				84E3DE2F2326BDC8005E621A /* CreateTransformer */,
				84F02DCD2332099700169395 /* BattleMode */,
				84E3DE202325E7CF005E621A /* ViewUtils.swift */,
			);
			path = Views;
			sourceTree = "<group>";
		};
		847C43712325A9F600E6BC32 /* Storyboards */ = {
			isa = PBXGroup;
			children = (
				847C43532325A31C00E6BC32 /* Main.storyboard */,
			);
			path = Storyboards;
			sourceTree = "<group>";
		};
		847C43742325AA2800E6BC32 /* Workers */ = {
			isa = PBXGroup;
			children = (
				847373122328C0CF00B6E697 /* APIService */,
				84E3DE1E2325E76F005E621A /* Utils.swift */,
			);
			path = Workers;
			sourceTree = "<group>";
		};
		84882F982326E786008D15E2 /* Models */ = {
			isa = PBXGroup;
			children = (
				84882F962326E782008D15E2 /* Transformer.swift */,
				84F02DD62332661100169395 /* TransformerDB.swift */,
				84F02DC92331D00200169395 /* BattleLogic.swift */,
			);
			path = Models;
			sourceTree = "<group>";
		};
		84B81D402325B0D500260CCD /* Frameworks */ = {
			isa = PBXGroup;
			children = (
				84F02DD423323FA500169395 /* Kingfisher.framework */,
				840FE9E2232BFB45009898DC /* then.framework */,
				840FE9E0232BFB3C009898DC /* then.framework.dSYM */,
				84E3DE312326D83A005E621A /* SnapshotTesting.framework */,
				84B81D412325B0D500260CCD /* Alamofire.framework */,
				84B81D422325B0D500260CCD /* SwiftyJSON.framework */,
			);
			name = Frameworks;
			sourceTree = "<group>";
		};
		84E3DE2E2326BDB7005E621A /* FakeSplash */ = {
			isa = PBXGroup;
			children = (
				84E3DE2423262E8D005E621A /* FakeSplashVC.swift */,
				84E3DE2A2326AAA2005E621A /* FakeCoverVC.swift */,
				84E3DE282326A9ED005E621A /* FakeCover.xib */,
			);
			path = FakeSplash;
			sourceTree = "<group>";
		};
		84E3DE2F2326BDC8005E621A /* CreateTransformer */ = {
			isa = PBXGroup;
			children = (
				847C43512325A31C00E6BC32 /* CreateTransformerVC.swift */,
				84B81D462325C76200260CCD /* CreateTransformerModel.swift */,
				84A71E21232EB24000023B60 /* CreateTransformerPresenter.swift */,
				84A71E1F232EB21F00023B60 /* CreateTranformerInteractor.swift */,
			);
			path = CreateTransformer;
			sourceTree = "<group>";
		};
		84E3DE302326BDD7005E621A /* ShowTransformers */ = {
			isa = PBXGroup;
			children = (
				84E3DE262326A267005E621A /* ShowTransformersVC.swift */,
				84F02DC32330B21100169395 /* ShowTransformersModel.swift */,
				84F02DC12330B1DF00169395 /* ShowTransformersPresenter.swift */,
				84F02DBF2330B1A300169395 /* ShowTransformersInteractor.swift */,
			);
			path = ShowTransformers;
			sourceTree = "<group>";
		};
		84E3DE352326DE5E005E621A /* Views */ = {
			isa = PBXGroup;
			children = (
				847C43642325A31E00E6BC32 /* CreateTransformerVCTests.swift */,
				847373102328A76F00B6E697 /* LoginVCTests.swift */,
				84F02DC52330B82200169395 /* LoginPresenterTests.swift */,
				84F02DC72330BD7100169395 /* LoginInteractorTests.swift */,
				84A71E1D232C871600023B60 /* FakeSplashTests.swift */,
			);
			path = Views;
			sourceTree = "<group>";
		};
		84E6B91D23276E99006165FD /* Login */ = {
			isa = PBXGroup;
			children = (
				84882F9B232700EB008D15E2 /* LoginVC.swift */,
				84A71E1B232C5B7200023B60 /* LoginPresenter.swift */,
				84A71E19232C5B6000023B60 /* LoginInteractor.swift */,
			);
			path = Login;
			sourceTree = "<group>";
		};
		84F02DCD2332099700169395 /* BattleMode */ = {
			isa = PBXGroup;
			children = (
				84E3DE2C2326B2ED005E621A /* BattleTransformersVC.swift */,
			);
			path = BattleMode;
			sourceTree = "<group>";
		};
/* End PBXGroup section */

/* Begin PBXNativeTarget section */
		847C434B2325A31C00E6BC32 /* transformers */ = {
			isa = PBXNativeTarget;
			buildConfigurationList = 847C43692325A31E00E6BC32 /* Build configuration list for PBXNativeTarget "transformers" */;
			buildPhases = (
				847C43482325A31C00E6BC32 /* Sources */,
				847C43492325A31C00E6BC32 /* Frameworks */,
				847C434A2325A31C00E6BC32 /* Resources */,
				84B81D452325B27C00260CCD /* Carthage */,
			);
			buildRules = (
			);
			dependencies = (
			);
			name = transformers;
			productName = transformers;
			productReference = 847C434C2325A31C00E6BC32 /* transformers.app */;
			productType = "com.apple.product-type.application";
		};
		847C435F2325A31E00E6BC32 /* transformersTests */ = {
			isa = PBXNativeTarget;
			buildConfigurationList = 847C436C2325A31E00E6BC32 /* Build configuration list for PBXNativeTarget "transformersTests" */;
			buildPhases = (
				847C435C2325A31E00E6BC32 /* Sources */,
				847C435D2325A31E00E6BC32 /* Frameworks */,
				847C435E2325A31E00E6BC32 /* Resources */,
			);
			buildRules = (
			);
			dependencies = (
				847C43622325A31E00E6BC32 /* PBXTargetDependency */,
			);
			name = transformersTests;
			productName = transformersTests;
			productReference = 847C43602325A31E00E6BC32 /* transformersTests.xctest */;
			productType = "com.apple.product-type.bundle.unit-test";
		};
/* End PBXNativeTarget section */

/* Begin PBXProject section */
		847C43442325A31C00E6BC32 /* Project object */ = {
			isa = PBXProject;
			attributes = {
				LastSwiftUpdateCheck = 1030;
				LastUpgradeCheck = 1030;
				ORGANIZATIONNAME = "bethegame Inc.";
				TargetAttributes = {
					847C434B2325A31C00E6BC32 = {
						CreatedOnToolsVersion = 10.3;
					};
					847C435F2325A31E00E6BC32 = {
						CreatedOnToolsVersion = 10.3;
						TestTargetID = 847C434B2325A31C00E6BC32;
					};
				};
			};
			buildConfigurationList = 847C43472325A31C00E6BC32 /* Build configuration list for PBXProject "transformers" */;
			compatibilityVersion = "Xcode 9.3";
			developmentRegion = en;
			hasScannedForEncodings = 0;
			knownRegions = (
				en,
				Base,
			);
			mainGroup = 847C43432325A31C00E6BC32;
			productRefGroup = 847C434D2325A31C00E6BC32 /* Products */;
			projectDirPath = "";
			projectRoot = "";
			targets = (
				847C434B2325A31C00E6BC32 /* transformers */,
				847C435F2325A31E00E6BC32 /* transformersTests */,
			);
		};
/* End PBXProject section */

/* Begin PBXResourcesBuildPhase section */
		847C434A2325A31C00E6BC32 /* Resources */ = {
			isa = PBXResourcesBuildPhase;
			buildActionMask = 2147483647;
			files = (
				84F02DD3233235CB00169395 /* README.md in Resources */,
				84F02DD1233234EC00169395 /* Cartfile in Resources */,
				847C435A2325A31D00E6BC32 /* LaunchScreen.storyboard in Resources */,
				847C43572325A31D00E6BC32 /* Assets.xcassets in Resources */,
				847C43552325A31C00E6BC32 /* Main.storyboard in Resources */,
				84E3DE292326A9ED005E621A /* FakeCover.xib in Resources */,
			);
			runOnlyForDeploymentPostprocessing = 0;
		};
		847C435E2325A31E00E6BC32 /* Resources */ = {
			isa = PBXResourcesBuildPhase;
			buildActionMask = 2147483647;
			files = (
				84B81D4B2325CCAC00260CCD /* Main.storyboard in Resources */,
			);
			runOnlyForDeploymentPostprocessing = 0;
		};
/* End PBXResourcesBuildPhase section */

/* Begin PBXShellScriptBuildPhase section */
		84B81D452325B27C00260CCD /* Carthage */ = {
			isa = PBXShellScriptBuildPhase;
			buildActionMask = 2147483647;
			files = (
			);
			inputFileListPaths = (
			);
			inputPaths = (
				"$(SRCROOT)/Carthage/Build/iOS/Alamofire.framework",
				"$(SRCROOT)/Carthage/Build/iOS/SwiftyJSON.framework",
				"$(SRCROOT)/Carthage/Build/iOS/then.framework",
				"$(SRCROOT)/Carthage/Build/iOS/Kingfisher.framework",
			);
			name = Carthage;
			outputFileListPaths = (
			);
			outputPaths = (
				"$(BUILT_PRODUCTS_DIR)/$(FRAMEWORKS_FOLDER_PATH)/Alamofire.framework",
				"$(BUILT_PRODUCTS_DIR)/$(FRAMEWORKS_FOLDER_PATH)/SwiftyJSON.framework",
				"$(BUILT_PRODUCTS_DIR)/$(FRAMEWORKS_FOLDER_PATH)/then.framework",
				"$(BUILT_PRODUCTS_DIR)/$(FRAMEWORKS_FOLDER_PATH)/Kingfisher.framework",
			);
			runOnlyForDeploymentPostprocessing = 0;
			shellPath = /bin/sh;
			shellScript = "# Type a script or drag a script file from your workspace to insert its path.\n/usr/local/bin/carthage copy-frameworks\n";
		};
/* End PBXShellScriptBuildPhase section */

/* Begin PBXSourcesBuildPhase section */
		847C43482325A31C00E6BC32 /* Sources */ = {
			isa = PBXSourcesBuildPhase;
			buildActionMask = 2147483647;
			files = (
				84F02DCA2331D00200169395 /* BattleLogic.swift in Sources */,
				84A71E1C232C5B7200023B60 /* LoginPresenter.swift in Sources */,
				84F02DC42330B21100169395 /* ShowTransformersModel.swift in Sources */,
				84E3DE1F2325E76F005E621A /* Utils.swift in Sources */,
				84882F9C232700EB008D15E2 /* LoginVC.swift in Sources */,
				847C43522325A31C00E6BC32 /* CreateTransformerVC.swift in Sources */,
				8473730D232773FC00B6E697 /* FireBase.swift in Sources */,
				84F02DC22330B1DF00169395 /* ShowTransformersPresenter.swift in Sources */,
				84E3DE2523262E8D005E621A /* FakeSplashVC.swift in Sources */,
				84E3DE212325E7CF005E621A /* ViewUtils.swift in Sources */,
				847C43732325AA2300E6BC32 /* APIService.swift in Sources */,
				84A71E20232EB21F00023B60 /* CreateTranformerInteractor.swift in Sources */,
				84E3DE272326A267005E621A /* ShowTransformersVC.swift in Sources */,
				84A71E1A232C5B6000023B60 /* LoginInteractor.swift in Sources */,
				84882F972326E782008D15E2 /* Transformer.swift in Sources */,
				84F02DD72332661100169395 /* TransformerDB.swift in Sources */,
				84882F9A2326FBF2008D15E2 /* Environment.swift in Sources */,
				847C43502325A31C00E6BC32 /* AppDelegate.swift in Sources */,
				84A71E22232EB24000023B60 /* CreateTransformerPresenter.swift in Sources */,
				84B81D472325C76200260CCD /* CreateTransformerModel.swift in Sources */,
				84F02DC02330B1A300169395 /* ShowTransformersInteractor.swift in Sources */,
				84E3DE2D2326B2ED005E621A /* BattleTransformersVC.swift in Sources */,
				84E3DE2B2326AAA2005E621A /* FakeCoverVC.swift in Sources */,
				84F02DCC2331D03600169395 /* User.swift in Sources */,
			);
			runOnlyForDeploymentPostprocessing = 0;
		};
		847C435C2325A31E00E6BC32 /* Sources */ = {
			isa = PBXSourcesBuildPhase;
			buildActionMask = 2147483647;
			files = (
				847C43652325A31E00E6BC32 /* CreateTransformerVCTests.swift in Sources */,
				84A71E1E232C871600023B60 /* FakeSplashTests.swift in Sources */,
				8473730F23289DF200B6E697 /* EnvironmentTests.swift in Sources */,
				84F02DCF2332105700169395 /* MockAPI.swift in Sources */,
				847373112328A76F00B6E697 /* LoginVCTests.swift in Sources */,
				84F02DC82330BD7100169395 /* LoginInteractorTests.swift in Sources */,
				84F02DC62330B82200169395 /* LoginPresenterTests.swift in Sources */,
			);
			runOnlyForDeploymentPostprocessing = 0;
		};
/* End PBXSourcesBuildPhase section */

/* Begin PBXTargetDependency section */
		847C43622325A31E00E6BC32 /* PBXTargetDependency */ = {
			isa = PBXTargetDependency;
			target = 847C434B2325A31C00E6BC32 /* transformers */;
			targetProxy = 847C43612325A31E00E6BC32 /* PBXContainerItemProxy */;
		};
/* End PBXTargetDependency section */

/* Begin PBXVariantGroup section */
		847C43532325A31C00E6BC32 /* Main.storyboard */ = {
			isa = PBXVariantGroup;
			children = (
				847C43542325A31C00E6BC32 /* Base */,
			);
			name = Main.storyboard;
			sourceTree = "<group>";
		};
		847C43582325A31D00E6BC32 /* LaunchScreen.storyboard */ = {
			isa = PBXVariantGroup;
			children = (
				847C43592325A31D00E6BC32 /* Base */,
			);
			name = LaunchScreen.storyboard;
			sourceTree = "<group>";
		};
/* End PBXVariantGroup section */

/* Begin XCBuildConfiguration section */
		847C43672325A31E00E6BC32 /* Debug */ = {
			isa = XCBuildConfiguration;
			buildSettings = {
				ALWAYS_SEARCH_USER_PATHS = NO;
				CLANG_ANALYZER_NONNULL = YES;
				CLANG_ANALYZER_NUMBER_OBJECT_CONVERSION = YES_AGGRESSIVE;
				CLANG_CXX_LANGUAGE_STANDARD = "gnu++14";
				CLANG_CXX_LIBRARY = "libc++";
				CLANG_ENABLE_MODULES = YES;
				CLANG_ENABLE_OBJC_ARC = YES;
				CLANG_ENABLE_OBJC_WEAK = YES;
				CLANG_WARN_BLOCK_CAPTURE_AUTORELEASING = YES;
				CLANG_WARN_BOOL_CONVERSION = YES;
				CLANG_WARN_COMMA = YES;
				CLANG_WARN_CONSTANT_CONVERSION = YES;
				CLANG_WARN_DEPRECATED_OBJC_IMPLEMENTATIONS = YES;
				CLANG_WARN_DIRECT_OBJC_ISA_USAGE = YES_ERROR;
				CLANG_WARN_DOCUMENTATION_COMMENTS = YES;
				CLANG_WARN_EMPTY_BODY = YES;
				CLANG_WARN_ENUM_CONVERSION = YES;
				CLANG_WARN_INFINITE_RECURSION = YES;
				CLANG_WARN_INT_CONVERSION = YES;
				CLANG_WARN_NON_LITERAL_NULL_CONVERSION = YES;
				CLANG_WARN_OBJC_IMPLICIT_RETAIN_SELF = YES;
				CLANG_WARN_OBJC_LITERAL_CONVERSION = YES;
				CLANG_WARN_OBJC_ROOT_CLASS = YES_ERROR;
				CLANG_WARN_RANGE_LOOP_ANALYSIS = YES;
				CLANG_WARN_STRICT_PROTOTYPES = YES;
				CLANG_WARN_SUSPICIOUS_MOVE = YES;
				CLANG_WARN_UNGUARDED_AVAILABILITY = YES_AGGRESSIVE;
				CLANG_WARN_UNREACHABLE_CODE = YES;
				CLANG_WARN__DUPLICATE_METHOD_MATCH = YES;
				CODE_SIGN_IDENTITY = "iPhone Developer";
				COPY_PHASE_STRIP = NO;
				DEBUG_INFORMATION_FORMAT = dwarf;
				ENABLE_STRICT_OBJC_MSGSEND = YES;
				ENABLE_TESTABILITY = YES;
				GCC_C_LANGUAGE_STANDARD = gnu11;
				GCC_DYNAMIC_NO_PIC = NO;
				GCC_NO_COMMON_BLOCKS = YES;
				GCC_OPTIMIZATION_LEVEL = 0;
				GCC_PREPROCESSOR_DEFINITIONS = (
					"DEBUG=1",
					"$(inherited)",
				);
				GCC_WARN_64_TO_32_BIT_CONVERSION = YES;
				GCC_WARN_ABOUT_RETURN_TYPE = YES_ERROR;
				GCC_WARN_UNDECLARED_SELECTOR = YES;
				GCC_WARN_UNINITIALIZED_AUTOS = YES_AGGRESSIVE;
				GCC_WARN_UNUSED_FUNCTION = YES;
				GCC_WARN_UNUSED_VARIABLE = YES;
				IPHONEOS_DEPLOYMENT_TARGET = 10.0;
				MTL_ENABLE_DEBUG_INFO = INCLUDE_SOURCE;
				MTL_FAST_MATH = YES;
				ONLY_ACTIVE_ARCH = YES;
				SDKROOT = iphoneos;
				SWIFT_ACTIVE_COMPILATION_CONDITIONS = DEBUG;
				SWIFT_OPTIMIZATION_LEVEL = "-Onone";
				SWIFT_VERSION = 4.2;
			};
			name = Debug;
		};
		847C43682325A31E00E6BC32 /* Release */ = {
			isa = XCBuildConfiguration;
			buildSettings = {
				ALWAYS_SEARCH_USER_PATHS = NO;
				CLANG_ANALYZER_NONNULL = YES;
				CLANG_ANALYZER_NUMBER_OBJECT_CONVERSION = YES_AGGRESSIVE;
				CLANG_CXX_LANGUAGE_STANDARD = "gnu++14";
				CLANG_CXX_LIBRARY = "libc++";
				CLANG_ENABLE_MODULES = YES;
				CLANG_ENABLE_OBJC_ARC = YES;
				CLANG_ENABLE_OBJC_WEAK = YES;
				CLANG_WARN_BLOCK_CAPTURE_AUTORELEASING = YES;
				CLANG_WARN_BOOL_CONVERSION = YES;
				CLANG_WARN_COMMA = YES;
				CLANG_WARN_CONSTANT_CONVERSION = YES;
				CLANG_WARN_DEPRECATED_OBJC_IMPLEMENTATIONS = YES;
				CLANG_WARN_DIRECT_OBJC_ISA_USAGE = YES_ERROR;
				CLANG_WARN_DOCUMENTATION_COMMENTS = YES;
				CLANG_WARN_EMPTY_BODY = YES;
				CLANG_WARN_ENUM_CONVERSION = YES;
				CLANG_WARN_INFINITE_RECURSION = YES;
				CLANG_WARN_INT_CONVERSION = YES;
				CLANG_WARN_NON_LITERAL_NULL_CONVERSION = YES;
				CLANG_WARN_OBJC_IMPLICIT_RETAIN_SELF = YES;
				CLANG_WARN_OBJC_LITERAL_CONVERSION = YES;
				CLANG_WARN_OBJC_ROOT_CLASS = YES_ERROR;
				CLANG_WARN_RANGE_LOOP_ANALYSIS = YES;
				CLANG_WARN_STRICT_PROTOTYPES = YES;
				CLANG_WARN_SUSPICIOUS_MOVE = YES;
				CLANG_WARN_UNGUARDED_AVAILABILITY = YES_AGGRESSIVE;
				CLANG_WARN_UNREACHABLE_CODE = YES;
				CLANG_WARN__DUPLICATE_METHOD_MATCH = YES;
				CODE_SIGN_IDENTITY = "iPhone Developer";
				COPY_PHASE_STRIP = NO;
				DEBUG_INFORMATION_FORMAT = "dwarf-with-dsym";
				ENABLE_NS_ASSERTIONS = NO;
				ENABLE_STRICT_OBJC_MSGSEND = YES;
				GCC_C_LANGUAGE_STANDARD = gnu11;
				GCC_NO_COMMON_BLOCKS = YES;
				GCC_WARN_64_TO_32_BIT_CONVERSION = YES;
				GCC_WARN_ABOUT_RETURN_TYPE = YES_ERROR;
				GCC_WARN_UNDECLARED_SELECTOR = YES;
				GCC_WARN_UNINITIALIZED_AUTOS = YES_AGGRESSIVE;
				GCC_WARN_UNUSED_FUNCTION = YES;
				GCC_WARN_UNUSED_VARIABLE = YES;
				IPHONEOS_DEPLOYMENT_TARGET = 10.0;
				MTL_ENABLE_DEBUG_INFO = NO;
				MTL_FAST_MATH = YES;
				SDKROOT = iphoneos;
				SWIFT_COMPILATION_MODE = wholemodule;
				SWIFT_OPTIMIZATION_LEVEL = "-O";
				SWIFT_VERSION = 4.2;
				VALIDATE_PRODUCT = YES;
			};
			name = Release;
		};
		847C436A2325A31E00E6BC32 /* Debug */ = {
			isa = XCBuildConfiguration;
			buildSettings = {
				ASSETCATALOG_COMPILER_APPICON_NAME = AppIcon;
				CODE_SIGN_IDENTITY = "iPhone Developer";
				CODE_SIGN_STYLE = Automatic;
				DEVELOPMENT_TEAM = ZU9YSQ22FQ;
				ENABLE_BITCODE = NO;
				FRAMEWORK_SEARCH_PATHS = (
					"$(inherited)",
					"$(PROJECT_DIR)/Carthage/Build/iOS",
				);
				INFOPLIST_FILE = "$(SRCROOT)/transformers/App/Info.plist";
				LD_RUNPATH_SEARCH_PATHS = (
					"$(inherited)",
					"@executable_path/Frameworks",
				);
				PRODUCT_BUNDLE_IDENTIFIER = com.bethegame..transformers;
				PRODUCT_NAME = "$(TARGET_NAME)";
				PROVISIONING_PROFILE_SPECIFIER = "";
				SWIFT_VERSION = 5.0;
				TARGETED_DEVICE_FAMILY = "1,2";
			};
			name = Debug;
		};
		847C436B2325A31E00E6BC32 /* Release */ = {
			isa = XCBuildConfiguration;
			buildSettings = {
				ASSETCATALOG_COMPILER_APPICON_NAME = AppIcon;
				CODE_SIGN_IDENTITY = "iPhone Developer";
				CODE_SIGN_STYLE = Automatic;
				DEVELOPMENT_TEAM = ZU9YSQ22FQ;
				ENABLE_BITCODE = NO;
				FRAMEWORK_SEARCH_PATHS = (
					"$(inherited)",
					"$(PROJECT_DIR)/Carthage/Build/iOS",
				);
				INFOPLIST_FILE = "$(SRCROOT)/transformers/App/Info.plist";
				LD_RUNPATH_SEARCH_PATHS = (
					"$(inherited)",
					"@executable_path/Frameworks",
				);
				PRODUCT_BUNDLE_IDENTIFIER = com.bethegame..transformers;
				PRODUCT_NAME = "$(TARGET_NAME)";
				PROVISIONING_PROFILE_SPECIFIER = "";
				SWIFT_VERSION = 5.0;
				TARGETED_DEVICE_FAMILY = "1,2";
			};
			name = Release;
		};
		847C436D2325A31E00E6BC32 /* Debug */ = {
			isa = XCBuildConfiguration;
			buildSettings = {
				ALWAYS_EMBED_SWIFT_STANDARD_LIBRARIES = YES;
				BUNDLE_LOADER = "$(TEST_HOST)";
				CODE_SIGN_STYLE = Automatic;
				DEVELOPMENT_TEAM = ZU9YSQ22FQ;
				FRAMEWORK_SEARCH_PATHS = (
					"$(inherited)",
					"$(PROJECT_DIR)/Carthage/Build/iOS",
				);
				INFOPLIST_FILE = transformersTests/Info.plist;
				LD_RUNPATH_SEARCH_PATHS = (
					"$(inherited)",
					"@executable_path/Frameworks",
					"@loader_path/Frameworks",
				);
				PRODUCT_BUNDLE_IDENTIFIER = com.bethegame..transformersTests;
				PRODUCT_NAME = "$(TARGET_NAME)";
				SWIFT_VERSION = 4.2;
				TARGETED_DEVICE_FAMILY = "1,2";
				TEST_HOST = "$(BUILT_PRODUCTS_DIR)/transformers.app/transformers";
			};
			name = Debug;
		};
		847C436E2325A31E00E6BC32 /* Release */ = {
			isa = XCBuildConfiguration;
			buildSettings = {
				ALWAYS_EMBED_SWIFT_STANDARD_LIBRARIES = YES;
				BUNDLE_LOADER = "$(TEST_HOST)";
				CODE_SIGN_STYLE = Automatic;
				DEVELOPMENT_TEAM = ZU9YSQ22FQ;
				FRAMEWORK_SEARCH_PATHS = (
					"$(inherited)",
					"$(PROJECT_DIR)/Carthage/Build/iOS",
				);
				INFOPLIST_FILE = transformersTests/Info.plist;
				LD_RUNPATH_SEARCH_PATHS = (
					"$(inherited)",
					"@executable_path/Frameworks",
					"@loader_path/Frameworks",
				);
				PRODUCT_BUNDLE_IDENTIFIER = com.bethegame..transformersTests;
				PRODUCT_NAME = "$(TARGET_NAME)";
				SWIFT_VERSION = 4.2;
				TARGETED_DEVICE_FAMILY = "1,2";
				TEST_HOST = "$(BUILT_PRODUCTS_DIR)/transformers.app/transformers";
			};
			name = Release;
		};
/* End XCBuildConfiguration section */

/* Begin XCConfigurationList section */
		847C43472325A31C00E6BC32 /* Build configuration list for PBXProject "transformers" */ = {
			isa = XCConfigurationList;
			buildConfigurations = (
				847C43672325A31E00E6BC32 /* Debug */,
				847C43682325A31E00E6BC32 /* Release */,
			);
			defaultConfigurationIsVisible = 0;
			defaultConfigurationName = Release;
		};
		847C43692325A31E00E6BC32 /* Build configuration list for PBXNativeTarget "transformers" */ = {
			isa = XCConfigurationList;
			buildConfigurations = (
				847C436A2325A31E00E6BC32 /* Debug */,
				847C436B2325A31E00E6BC32 /* Release */,
			);
			defaultConfigurationIsVisible = 0;
			defaultConfigurationName = Release;
		};
		847C436C2325A31E00E6BC32 /* Build configuration list for PBXNativeTarget "transformersTests" */ = {
			isa = XCConfigurationList;
			buildConfigurations = (
				847C436D2325A31E00E6BC32 /* Debug */,
				847C436E2325A31E00E6BC32 /* Release */,
			);
			defaultConfigurationIsVisible = 0;
			defaultConfigurationName = Release;
		};
/* End XCConfigurationList section */
	};
	rootObject = 847C43442325A31C00E6BC32 /* Project object */;
}
